
Microsoft Visual Studio Solution File, Format Version 12.00
# Visual Studio 2015
Project("{FAE04EC0-301F-11D3-BF4B-00C04F79EFBC}") = "LuaFramework_UGUI-1.0.4.109", "LuaFramework_UGUI-1.0.4.109.csproj", "{746F949E-0630-CBA8-790D-99528A8990C1}"
EndProject
Project("{FAE04EC0-301F-11D3-BF4B-00C04F79EFBC}") = "LuaFramework_UGUI-1.0.4.109.Editor", "LuaFramework_UGUI-1.0.4.109.Editor.csproj", "{6844A8B1-8442-924A-8254-B244A723B4A2}"
EndProject
Global
	GlobalSection(SolutionConfigurationPlatforms) = preSolution
		Debug|Any CPU = Debug|Any CPU
		Release|Any CPU = Release|Any CPU
	EndGlobalSection
	GlobalSection(ProjectConfigurationPlatforms) = postSolution
		{746F949E-0630-CBA8-790D-99528A8990C1}.Debug|Any CPU.ActiveCfg = Debug|Any CPU
		{746F949E-0630-CBA8-790D-99528A8990C1}.Debug|Any CPU.Build.0 = Debug|Any CPU
		{746F949E-0630-CBA8-790D-99528A8990C1}.Release|Any CPU.ActiveCfg = Release|Any CPU
		{746F949E-0630-CBA8-790D-99528A8990C1}.Release|Any CPU.Build.0 = Release|Any CPU
		{6844A8B1-8442-924A-8254-B244A723B4A2}.Debug|Any CPU.ActiveCfg = Debug|Any CPU
		{6844A8B1-8442-924A-8254-B244A723B4A2}.Debug|Any CPU.Build.0 = Debug|Any CPU
		{6844A8B1-8442-924A-8254-B244A723B4A2}.Release|Any CPU.ActiveCfg = Release|Any CPU
		{6844A8B1-8442-924A-8254-B244A723B4A2}.Release|Any CPU.Build.0 = Release|Any CPU
	EndGlobalSection
	GlobalSection(SolutionProperties) = preSolution
		HideSolutionNode = FALSE
	EndGlobalSection
EndGlobal
